
Microsoft Visual Studio Solution File, Format Version 12.00
# Visual Studio Version 17
VisualStudioVersion = 17.5.33530.505
MinimumVisualStudioVersion = 10.0.40219.1
Project("{FAE04EC0-301F-11D3-BF4B-00C04F79EFBC}") = "NSCWebApplicationAPI", "NSCWebApplicationAPI\NSCWebApplicationAPI.csproj", "{876017E2-37D8-40B4-84F5-8679D63F2B31}"
EndProject
Global
	GlobalSection(SolutionConfigurationPlatforms) = preSolution
		Debug|Any CPU = Debug|Any CPU
		Release|Any CPU = Release|Any CPU
	EndGlobalSection
	GlobalSection(ProjectConfigurationPlatforms) = postSolution
		{876017E2-37D8-40B4-84F5-8679D63F2B31}.Debug|Any CPU.ActiveCfg = Debug|Any CPU
		{876017E2-37D8-40B4-84F5-8679D63F2B31}.Debug|Any CPU.Build.0 = Debug|Any CPU
		{876017E2-37D8-40B4-84F5-8679D63F2B31}.Release|Any CPU.ActiveCfg = Release|Any CPU
		{876017E2-37D8-40B4-84F5-8679D63F2B31}.Release|Any CPU.Build.0 = Release|Any CPU
	EndGlobalSection
	GlobalSection(SolutionProperties) = preSolution
		HideSolutionNode = FALSE
	EndGlobalSection
	GlobalSection(ExtensibilityGlobals) = postSolution
		SolutionGuid = {C0B378CE-21E2-41FA-9731-3099FCE72BDE}
	EndGlobalSection
EndGlobal
